Microsoft Visual Studio Solution File, Format Version 12.00
# Visual Studio Version 17
VisualStudioVersion = 17.5.2.0
MinimumVisualStudioVersion = 10.0.40219.1
Project("{FAE04EC0-301F-11D3-BF4B-00C04F79EFBC}") = "ProgramacaoBasica", "ProgramacaoBasica.csproj", "{19344A2B-6CA3-53D1-4DAD-072366D34C62}"
EndProject
Global
	GlobalSection(SolutionConfigurationPlatforms) = preSolution
		Debug|Any CPU = Debug|Any CPU
		Release|Any CPU = Release|Any CPU
	EndGlobalSection
	GlobalSection(ProjectConfigurationPlatforms) = postSolution
		{19344A2B-6CA3-53D1-4DAD-072366D34C62}.Debug|Any CPU.ActiveCfg = Debug|Any CPU
		{19344A2B-6CA3-53D1-4DAD-072366D34C62}.Debug|Any CPU.Build.0 = Debug|Any CPU
		{19344A2B-6CA3-53D1-4DAD-072366D34C62}.Release|Any CPU.ActiveCfg = Release|Any CPU
		{19344A2B-6CA3-53D1-4DAD-072366D34C62}.Release|Any CPU.Build.0 = Release|Any CPU
	EndGlobalSection
	GlobalSection(SolutionProperties) = preSolution
		HideSolutionNode = FALSE
	EndGlobalSection
	GlobalSection(ExtensibilityGlobals) = postSolution
		SolutionGuid = {DAA30162-FD61-4924-960F-A84ED427A7A7}
	EndGlobalSection
EndGlobal
